
Microsoft Visual Studio Solution File, Format Version 12.00
# Visual Studio Version 17
VisualStudioVersion = 17.4.33213.308
MinimumVisualStudioVersion = 10.0.40219.1
Project("{FAE04EC0-301F-11D3-BF4B-00C04F79EFBC}") = "CategoricGenepacks", "CategoricGenepacks.csproj", "{1A3D023D-3C42-4159-BB1E-97E7B7190413}"
EndProject
Global
	GlobalSection(SolutionConfigurationPlatforms) = preSolution
		Debug|Any CPU = Debug|Any CPU
		Release|Any CPU = Release|Any CPU
	EndGlobalSection
	GlobalSection(ProjectConfigurationPlatforms) = postSolution
		{1A3D023D-3C42-4159-BB1E-97E7B7190413}.Debug|Any CPU.ActiveCfg = Debug|Any CPU
		{1A3D023D-3C42-4159-BB1E-97E7B7190413}.Debug|Any CPU.Build.0 = Debug|Any CPU
		{1A3D023D-3C42-4159-BB1E-97E7B7190413}.Release|Any CPU.ActiveCfg = Release|Any CPU
		{1A3D023D-3C42-4159-BB1E-97E7B7190413}.Release|Any CPU.Build.0 = Release|Any CPU
	EndGlobalSection
	GlobalSection(SolutionProperties) = preSolution
		HideSolutionNode = FALSE
	EndGlobalSection
	GlobalSection(ExtensibilityGlobals) = postSolution
		SolutionGuid = {BE04971A-FDBE-4BA3-865F-52C311BBFE24}
	EndGlobalSection
EndGlobal
